
Microsoft Visual Studio Solution File, Format Version 12.00
# Visual Studio Version 16
VisualStudioVersion = 16.0.30104.148
MinimumVisualStudioVersion = 10.0.40219.1
Project("{FAE04EC0-301F-11D3-BF4B-00C04F79EFBC}") = "DS4WindowsCmd", "DS4WindowsCmd.csproj", "{E0294C29-8CA7-45B1-AE36-F627B40289BE}"
EndProject
Global
	GlobalSection(SolutionConfigurationPlatforms) = preSolution
		Debug|Any CPU = Debug|Any CPU
		Release|Any CPU = Release|Any CPU
	EndGlobalSection
	GlobalSection(ProjectConfigurationPlatforms) = postSolution
		{E0294C29-8CA7-45B1-AE36-F627B40289BE}.Debug|Any CPU.ActiveCfg = Debug|Any CPU
		{E0294C29-8CA7-45B1-AE36-F627B40289BE}.Debug|Any CPU.Build.0 = Debug|Any CPU
		{E0294C29-8CA7-45B1-AE36-F627B40289BE}.Release|Any CPU.ActiveCfg = Release|Any CPU
		{E0294C29-8CA7-45B1-AE36-F627B40289BE}.Release|Any CPU.Build.0 = Release|Any CPU
	EndGlobalSection
	GlobalSection(SolutionProperties) = preSolution
		HideSolutionNode = FALSE
	EndGlobalSection
	GlobalSection(ExtensibilityGlobals) = postSolution
		SolutionGuid = {03263D00-40E4-4CD2-B58E-B88CD08EB584}
	EndGlobalSection
EndGlobal
